{
  "name": "more-module-examples",
  "lockfileVersion": 2,
  "requires": true,
  "packages": {
    "": {
      "dependencies": {
        "paillier-bigint": "^3.4.0",
        "shamirs-secret-sharing-ts": "^1.0.2"
      },
      "devDependencies": {
        "@types/node": "^18.11.18"
      }
    },
    "node_modules/@types/node": {
      "version": "18.11.18",
      "resolved": "https://registry.npmjs.org/@types/node/-/node-18.11.18.tgz",
      "integrity": "sha512-DHQpWGjyQKSHj3ebjFI/wRKcqQcdR+MoFBygntYOZytCqNfkd2ZC4ARDJ2DQqhjH5p85Nnd3jhUJIXrszFX/JA==",
      "dev": true
    },
    "node_modules/bigint-crypto-utils": {
      "version": "3.1.8",
      "resolved": "https://registry.npmjs.org/bigint-crypto-utils/-/bigint-crypto-utils-3.1.8.tgz",
      "integrity": "sha512-+VMV9Laq8pXLBKKKK49nOoq9bfR3j7NNQAtbA617a4nw9bVLo8rsqkKMBgM2AJWlNX9fEIyYaYX+d0laqYV4tw==",
      "dependencies": {
        "bigint-mod-arith": "^3.1.0"
      },
      "engines": {
        "node": ">=10.4.0"
      }
    },
    "node_modules/bigint-mod-arith": {
      "version": "3.1.2",
      "resolved": "https://registry.npmjs.org/bigint-mod-arith/-/bigint-mod-arith-3.1.2.tgz",
      "integrity": "sha512-nx8J8bBeiRR+NlsROFH9jHswW5HO8mgfOSqW0AmjicMMvaONDa8AO+5ViKDUUNytBPWiwfvZP4/Bj4Y3lUfvgQ==",
      "engines": {
        "node": ">=10.4.0"
      }
    },
    "node_modules/paillier-bigint": {
      "version": "3.4.0",
      "resolved": "https://registry.npmjs.org/paillier-bigint/-/paillier-bigint-3.4.0.tgz",
      "integrity": "sha512-oJXP4UKYa/qJzVKeQtwnG3iqKUAjeYc4/wKLpGnXQUndekPENPJCR17zS99wIEyzC55yPCSXDVS7WNh37aZX2g==",
      "dependencies": {
        "bigint-crypto-utils": "^3.1.4"
      },
      "engines": {
        "node": ">=12"
      }
    },
    "node_modules/randombytes": {
      "version": "2.1.0",
      "resolved": "https://registry.npmjs.org/randombytes/-/randombytes-2.1.0.tgz",
      "integrity": "sha512-vYl3iOX+4CKUWuxGi9Ukhie6fsqXqS9FE2Zaic4tNFD2N2QQaXOMFbuKK4QmDHC0JO6B1Zp41J0LpT0oR68amQ==",
      "dependencies": {
        "safe-buffer": "^5.1.0"
      }
    },
    "node_modules/safe-buffer": {
      "version": "5.2.1",
      "resolved": "https://registry.npmjs.org/safe-buffer/-/safe-buffer-5.2.1.tgz",
      "integrity": "sha512-rp3So07KcdmmKbGvgaNxQSJr7bGVSVk5S9Eq1F+ppbRo70+YeaDxkw5Dd8NPN+GD6bjnYm2VuPuCXmpuYvmCXQ==",
      "funding": [
        {
          "type": "github",
          "url": "https://github.com/sponsors/feross"
        },
        {
          "type": "patreon",
          "url": "https://www.patreon.com/feross"
        },
        {
          "type": "consulting",
          "url": "https://feross.org/support"
        }
      ]
    },
    "node_modules/shamirs-secret-sharing-ts": {
      "version": "1.0.2",
      "resolved": "https://registry.npmjs.org/shamirs-secret-sharing-ts/-/shamirs-secret-sharing-ts-1.0.2.tgz",
      "integrity": "sha512-ivkVMtPptlg768v6pfqeva5JXsJitAw+vv3+aUPlNTi69fCTD69S+E+gTw0Yz99tuyz9a3eC1oiVC1WT2Kcl/w==",
      "dependencies": {
        "randombytes": "^2.1.0"
      }
    }
  },
  "dependencies": {
    "@types/node": {
      "version": "18.11.18",
      "resolved": "https://registry.npmjs.org/@types/node/-/node-18.11.18.tgz",
      "integrity": "sha512-DHQpWGjyQKSHj3ebjFI/wRKcqQcdR+MoFBygntYOZytCqNfkd2ZC4ARDJ2DQqhjH5p85Nnd3jhUJIXrszFX/JA==",
      "dev": true
    },
    "bigint-crypto-utils": {
      "version": "3.1.8",
      "resolved": "https://registry.npmjs.org/bigint-crypto-utils/-/bigint-crypto-utils-3.1.8.tgz",
      "integrity": "sha512-+VMV9Laq8pXLBKKKK49nOoq9bfR3j7NNQAtbA617a4nw9bVLo8rsqkKMBgM2AJWlNX9fEIyYaYX+d0laqYV4tw==",
      "requires": {
        "bigint-mod-arith": "^3.1.0"
      }
    },
    "bigint-mod-arith": {
      "version": "3.1.2",
      "resolved": "https://registry.npmjs.org/bigint-mod-arith/-/bigint-mod-arith-3.1.2.tgz",
      "integrity": "sha512-nx8J8bBeiRR+NlsROFH9jHswW5HO8mgfOSqW0AmjicMMvaONDa8AO+5ViKDUUNytBPWiwfvZP4/Bj4Y3lUfvgQ=="
    },
    "paillier-bigint": {
      "version": "3.4.0",
      "resolved": "https://registry.npmjs.org/paillier-bigint/-/paillier-bigint-3.4.0.tgz",
      "integrity": "sha512-oJXP4UKYa/qJzVKeQtwnG3iqKUAjeYc4/wKLpGnXQUndekPENPJCR17zS99wIEyzC55yPCSXDVS7WNh37aZX2g==",
      "requires": {
        "bigint-crypto-utils": "^3.1.4"
      }
    },
    "randombytes": {
      "version": "2.1.0",
      "resolved": "https://registry.npmjs.org/randombytes/-/randombytes-2.1.0.tgz",
      "integrity": "sha512-vYl3iOX+4CKUWuxGi9Ukhie6fsqXqS9FE2Zaic4tNFD2N2QQaXOMFbuKK4QmDHC0JO6B1Zp41J0LpT0oR68amQ==",
      "requires": {
        "safe-buffer": "^5.1.0"
      }
    },
    "safe-buffer": {
      "version": "5.2.1",
      "resolved": "https://registry.npmjs.org/safe-buffer/-/safe-buffer-5.2.1.tgz",
      "integrity": "sha512-rp3So07KcdmmKbGvgaNxQSJr7bGVSVk5S9Eq1F+ppbRo70+YeaDxkw5Dd8NPN+GD6bjnYm2VuPuCXmpuYvmCXQ=="
    },
    "shamirs-secret-sharing-ts": {
      "version": "1.0.2",
      "resolved": "https://registry.npmjs.org/shamirs-secret-sharing-ts/-/shamirs-secret-sharing-ts-1.0.2.tgz",
      "integrity": "sha512-ivkVMtPptlg768v6pfqeva5JXsJitAw+vv3+aUPlNTi69fCTD69S+E+gTw0Yz99tuyz9a3eC1oiVC1WT2Kcl/w==",
      "requires": {
        "randombytes": "^2.1.0"
      }
    }
  }
}
